
Microsoft Visual Studio Solution File, Format Version 12.00
# Visual Studio Version 16
VisualStudioVersion = 16.0.31424.327
MinimumVisualStudioVersion = 10.0.40219.1
Project("{FAE04EC0-301F-11D3-BF4B-00C04F79EFBC}") = "MyShop", "MyShop\MyShop.csproj", "{4A9E5E5B-6117-4E16-B9A8-535B717FD927}"
EndProject
Global
	GlobalSection(SolutionConfigurationPlatforms) = preSolution
		Debug|Any CPU = Debug|Any CPU
		Release|Any CPU = Release|Any CPU
	EndGlobalSection
	GlobalSection(ProjectConfigurationPlatforms) = postSolution
		{4A9E5E5B-6117-4E16-B9A8-535B717FD927}.Debug|Any CPU.ActiveCfg = Debug|Any CPU
		{4A9E5E5B-6117-4E16-B9A8-535B717FD927}.Debug|Any CPU.Build.0 = Debug|Any CPU
		{4A9E5E5B-6117-4E16-B9A8-535B717FD927}.Release|Any CPU.ActiveCfg = Release|Any CPU
		{4A9E5E5B-6117-4E16-B9A8-535B717FD927}.Release|Any CPU.Build.0 = Release|Any CPU
	EndGlobalSection
	GlobalSection(SolutionProperties) = preSolution
		HideSolutionNode = FALSE
	EndGlobalSection
	GlobalSection(ExtensibilityGlobals) = postSolution
		SolutionGuid = {4629D696-28E3-4EF8-8367-8CB7D0A266C0}
	EndGlobalSection
EndGlobal
